// !$*UTF8*$!
{
	archiveVersion = 1;
	classes = {
	};
	objectVersion = 55;
	objects = {

/* Begin PBXBuildFile section */
		4C66DF3528505B490065E6BE /* AppDelegate.swift in Sources */ = {isa = PBXBuildFile; fileRef = 4C66DF3428505B490065E6BE /* AppDelegate.swift */; };
		4C66DF3728505B490065E6BE /* SceneDelegate.swift in Sources */ = {isa = PBXBuildFile; fileRef = 4C66DF3628505B490065E6BE /* SceneDelegate.swift */; };
		4C66DF3928505B490065E6BE /* AllUsersViewController.swift in Sources */ = {isa = PBXBuildFile; fileRef = 4C66DF3828505B490065E6BE /* AllUsersViewController.swift */; };
		4C66DF3E28505B4A0065E6BE /* Assets.xcassets in Resources */ = {isa = PBXBuildFile; fileRef = 4C66DF3D28505B4A0065E6BE /* Assets.xcassets */; };
		4C66DF4128505B4A0065E6BE /* LaunchScreen.storyboard in Resources */ = {isa = PBXBuildFile; fileRef = 4C66DF3F28505B4A0065E6BE /* LaunchScreen.storyboard */; };
		4C66DF4C28505B4B0065E6BE /* MyUesrsDemoTests.swift in Sources */ = {isa = PBXBuildFile; fileRef = 4C66DF4B28505B4B0065E6BE /* MyUesrsDemoTests.swift */; };
		4C66DF5628505B4B0065E6BE /* MyUesrsDemoUITests.swift in Sources */ = {isa = PBXBuildFile; fileRef = 4C66DF5528505B4B0065E6BE /* MyUesrsDemoUITests.swift */; };
		4C66DF5828505B4B0065E6BE /* MyUesrsDemoUITestsLaunchTests.swift in Sources */ = {isa = PBXBuildFile; fileRef = 4C66DF5728505B4B0065E6BE /* MyUesrsDemoUITestsLaunchTests.swift */; };
		4C66DF6728507E610065E6BE /* NetworkManager.swift in Sources */ = {isa = PBXBuildFile; fileRef = 4C66DF6628507E610065E6BE /* NetworkManager.swift */; };
		4C66DF6C28508AC20065E6BE /* AllUsersModel.swift in Sources */ = {isa = PBXBuildFile; fileRef = 4C66DF6B28508AC20065E6BE /* AllUsersModel.swift */; };
		4C66DF6E28508B8C0065E6BE /* UserTableViewCell.swift in Sources */ = {isa = PBXBuildFile; fileRef = 4C66DF6D28508B8C0065E6BE /* UserTableViewCell.swift */; };
		4CC8ED4828508F5100E1DD6C /* AllUsersViewModel.swift in Sources */ = {isa = PBXBuildFile; fileRef = 4CC8ED4728508F5100E1DD6C /* AllUsersViewModel.swift */; };
		4CC8ED4B2850A17000E1DD6C /* Extensions.swift in Sources */ = {isa = PBXBuildFile; fileRef = 4CC8ED4A2850A17000E1DD6C /* Extensions.swift */; };
		4CC8ED4D2850D73400E1DD6C /* AllUsersViewModelTests.swift in Sources */ = {isa = PBXBuildFile; fileRef = 4CC8ED4C2850D73400E1DD6C /* AllUsersViewModelTests.swift */; };
/* End PBXBuildFile section */

/* Begin PBXContainerItemProxy section */
		4C66DF4828505B4B0065E6BE /* PBXContainerItemProxy */ = {
			isa = PBXContainerItemProxy;
			containerPortal = 4C66DF2928505B490065E6BE /* Project object */;
			proxyType = 1;
			remoteGlobalIDString = 4C66DF3028505B490065E6BE;
			remoteInfo = MyUesrsDemo;
		};
		4C66DF5228505B4B0065E6BE /* PBXContainerItemProxy */ = {
			isa = PBXContainerItemProxy;
			containerPortal = 4C66DF2928505B490065E6BE /* Project object */;
			proxyType = 1;
			remoteGlobalIDString = 4C66DF3028505B490065E6BE;
			remoteInfo = MyUesrsDemo;
		};
/* End PBXContainerItemProxy section */

/* Begin PBXFileReference section */
		4C66DF3128505B490065E6BE /* MyUesrsDemo.app */ = {isa = PBXFileReference; explicitFileType = wrapper.application; includeInIndex = 0; path = MyUesrsDemo.app; sourceTree = BUILT_PRODUCTS_DIR; };
		4C66DF3428505B490065E6BE /* AppDelegate.swift */ = {isa = PBXFileReference; lastKnownFileType = sourcecode.swift; path = AppDelegate.swift; sourceTree = "<group>"; };
		4C66DF3628505B490065E6BE /* SceneDelegate.swift */ = {isa = PBXFileReference; lastKnownFileType = sourcecode.swift; path = SceneDelegate.swift; sourceTree = "<group>"; };
		4C66DF3828505B490065E6BE /* AllUsersViewController.swift */ = {isa = PBXFileReference; lastKnownFileType = sourcecode.swift; path = AllUsersViewController.swift; sourceTree = "<group>"; };
		4C66DF3D28505B4A0065E6BE /* Assets.xcassets */ = {isa = PBXFileReference; lastKnownFileType = folder.assetcatalog; path = Assets.xcassets; sourceTree = "<group>"; };
		4C66DF4028505B4A0065E6BE /* Base */ = {isa = PBXFileReference; lastKnownFileType = file.storyboard; name = Base; path = Base.lproj/LaunchScreen.storyboard; sourceTree = "<group>"; };
		4C66DF4228505B4A0065E6BE /* Info.plist */ = {isa = PBXFileReference; lastKnownFileType = text.plist.xml; path = Info.plist; sourceTree = "<group>"; };
		4C66DF4728505B4B0065E6BE /* MyUesrsDemoTests.xctest */ = {isa = PBXFileReference; explicitFileType = wrapper.cfbundle; includeInIndex = 0; path = MyUesrsDemoTests.xctest; sourceTree = BUILT_PRODUCTS_DIR; };
		4C66DF4B28505B4B0065E6BE /* MyUesrsDemoTests.swift */ = {isa = PBXFileReference; lastKnownFileType = sourcecode.swift; path = MyUesrsDemoTests.swift; sourceTree = "<group>"; };
		4C66DF5128505B4B0065E6BE /* MyUesrsDemoUITests.xctest */ = {isa = PBXFileReference; explicitFileType = wrapper.cfbundle; includeInIndex = 0; path = MyUesrsDemoUITests.xctest; sourceTree = BUILT_PRODUCTS_DIR; };
		4C66DF5528505B4B0065E6BE /* MyUesrsDemoUITests.swift */ = {isa = PBXFileReference; lastKnownFileType = sourcecode.swift; path = MyUesrsDemoUITests.swift; sourceTree = "<group>"; };
		4C66DF5728505B4B0065E6BE /* MyUesrsDemoUITestsLaunchTests.swift */ = {isa = PBXFileReference; lastKnownFileType = sourcecode.swift; path = MyUesrsDemoUITestsLaunchTests.swift; sourceTree = "<group>"; };
		4C66DF6628507E610065E6BE /* NetworkManager.swift */ = {isa = PBXFileReference; fileEncoding = 4; lastKnownFileType = sourcecode.swift; path = NetworkManager.swift; sourceTree = "<group>"; };
		4C66DF6B28508AC20065E6BE /* AllUsersModel.swift */ = {isa = PBXFileReference; lastKnownFileType = sourcecode.swift; path = AllUsersModel.swift; sourceTree = "<group>"; };
		4C66DF6D28508B8C0065E6BE /* UserTableViewCell.swift */ = {isa = PBXFileReference; fileEncoding = 4; lastKnownFileType = sourcecode.swift; path = UserTableViewCell.swift; sourceTree = "<group>"; };
		4CC8ED4728508F5100E1DD6C /* AllUsersViewModel.swift */ = {isa = PBXFileReference; lastKnownFileType = sourcecode.swift; path = AllUsersViewModel.swift; sourceTree = "<group>"; };
		4CC8ED4A2850A17000E1DD6C /* Extensions.swift */ = {isa = PBXFileReference; lastKnownFileType = sourcecode.swift; path = Extensions.swift; sourceTree = "<group>"; };
		4CC8ED4C2850D73400E1DD6C /* AllUsersViewModelTests.swift */ = {isa = PBXFileReference; lastKnownFileType = sourcecode.swift; path = AllUsersViewModelTests.swift; sourceTree = "<group>"; };
/* End PBXFileReference section */

/* Begin PBXFrameworksBuildPhase section */
		4C66DF2E28505B490065E6BE /* Frameworks */ = {
			isa = PBXFrameworksBuildPhase;
			buildActionMask = 2147483647;
			files = (
			);
			runOnlyForDeploymentPostprocessing = 0;
		};
		4C66DF4428505B4B0065E6BE /* Frameworks */ = {
			isa = PBXFrameworksBuildPhase;
			buildActionMask = 2147483647;
			files = (
			);
			runOnlyForDeploymentPostprocessing = 0;
		};
		4C66DF4E28505B4B0065E6BE /* Frameworks */ = {
			isa = PBXFrameworksBuildPhase;
			buildActionMask = 2147483647;
			files = (
			);
			runOnlyForDeploymentPostprocessing = 0;
		};
/* End PBXFrameworksBuildPhase section */

/* Begin PBXGroup section */
		4C66DF2828505B490065E6BE = {
			isa = PBXGroup;
			children = (
				4C66DF3328505B490065E6BE /* MyUesrsDemo */,
				4C66DF4A28505B4B0065E6BE /* MyUesrsDemoTests */,
				4C66DF5428505B4B0065E6BE /* MyUesrsDemoUITests */,
				4C66DF3228505B490065E6BE /* Products */,
			);
			sourceTree = "<group>";
		};
		4C66DF3228505B490065E6BE /* Products */ = {
			isa = PBXGroup;
			children = (
				4C66DF3128505B490065E6BE /* MyUesrsDemo.app */,
				4C66DF4728505B4B0065E6BE /* MyUesrsDemoTests.xctest */,
				4C66DF5128505B4B0065E6BE /* MyUesrsDemoUITests.xctest */,
			);
			name = Products;
			sourceTree = "<group>";
		};
		4C66DF3328505B490065E6BE /* MyUesrsDemo */ = {
			isa = PBXGroup;
			children = (
				4CC8ED492850A15700E1DD6C /* Extensions */,
				4C66DF6528505BD50065E6BE /* Modules */,
				4C66DF6428505BC30065E6BE /* NetworkManager */,
				4C66DF3428505B490065E6BE /* AppDelegate.swift */,
				4C66DF3628505B490065E6BE /* SceneDelegate.swift */,
				4C66DF3D28505B4A0065E6BE /* Assets.xcassets */,
				4C66DF3F28505B4A0065E6BE /* LaunchScreen.storyboard */,
				4C66DF4228505B4A0065E6BE /* Info.plist */,
			);
			path = MyUesrsDemo;
			sourceTree = "<group>";
		};
		4C66DF4A28505B4B0065E6BE /* MyUesrsDemoTests */ = {
			isa = PBXGroup;
			children = (
				4C66DF4B28505B4B0065E6BE /* MyUesrsDemoTests.swift */,
				4CC8ED4C2850D73400E1DD6C /* AllUsersViewModelTests.swift */,
			);
			path = MyUesrsDemoTests;
			sourceTree = "<group>";
		};
		4C66DF5428505B4B0065E6BE /* MyUesrsDemoUITests */ = {
			isa = PBXGroup;
			children = (
				4C66DF5528505B4B0065E6BE /* MyUesrsDemoUITests.swift */,
				4C66DF5728505B4B0065E6BE /* MyUesrsDemoUITestsLaunchTests.swift */,
			);
			path = MyUesrsDemoUITests;
			sourceTree = "<group>";
		};
		4C66DF6428505BC30065E6BE /* NetworkManager */ = {
			isa = PBXGroup;
			children = (
				4C66DF6628507E610065E6BE /* NetworkManager.swift */,
			);
			path = NetworkManager;
			sourceTree = "<group>";
		};
		4C66DF6528505BD50065E6BE /* Modules */ = {
			isa = PBXGroup;
			children = (
				4C66DF6828508A7D0065E6BE /* AllUsersViewController */,
			);
			path = Modules;
			sourceTree = "<group>";
		};
		4C66DF6828508A7D0065E6BE /* AllUsersViewController */ = {
			isa = PBXGroup;
			children = (
				4C66DF3828505B490065E6BE /* AllUsersViewController.swift */,
				4CC8ED4728508F5100E1DD6C /* AllUsersViewModel.swift */,
				4C66DF6D28508B8C0065E6BE /* UserTableViewCell.swift */,
				4C66DF6B28508AC20065E6BE /* AllUsersModel.swift */,
			);
			path = AllUsersViewController;
			sourceTree = "<group>";
		};
		4CC8ED492850A15700E1DD6C /* Extensions */ = {
			isa = PBXGroup;
			children = (
				4CC8ED4A2850A17000E1DD6C /* Extensions.swift */,
			);
			path = Extensions;
			sourceTree = "<group>";
		};
/* End PBXGroup section */

/* Begin PBXNativeTarget section */
		4C66DF3028505B490065E6BE /* MyUesrsDemo */ = {
			isa = PBXNativeTarget;
			buildConfigurationList = 4C66DF5B28505B4B0065E6BE /* Build configuration list for PBXNativeTarget "MyUesrsDemo" */;
			buildPhases = (
				4C66DF2D28505B490065E6BE /* Sources */,
				4C66DF2E28505B490065E6BE /* Frameworks */,
				4C66DF2F28505B490065E6BE /* Resources */,
			);
			buildRules = (
			);
			dependencies = (
			);
			name = MyUesrsDemo;
			productName = MyUesrsDemo;
			productReference = 4C66DF3128505B490065E6BE /* MyUesrsDemo.app */;
			productType = "com.apple.product-type.application";
		};
		4C66DF4628505B4B0065E6BE /* MyUesrsDemoTests */ = {
			isa = PBXNativeTarget;
			buildConfigurationList = 4C66DF5E28505B4B0065E6BE /* Build configuration list for PBXNativeTarget "MyUesrsDemoTests" */;
			buildPhases = (
				4C66DF4328505B4B0065E6BE /* Sources */,
				4C66DF4428505B4B0065E6BE /* Frameworks */,
				4C66DF4528505B4B0065E6BE /* Resources */,
			);
			buildRules = (
			);
			dependencies = (
				4C66DF4928505B4B0065E6BE /* PBXTargetDependency */,
			);
			name = MyUesrsDemoTests;
			productName = MyUesrsDemoTests;
			productReference = 4C66DF4728505B4B0065E6BE /* MyUesrsDemoTests.xctest */;
			productType = "com.apple.product-type.bundle.unit-test";
		};
		4C66DF5028505B4B0065E6BE /* MyUesrsDemoUITests */ = {
			isa = PBXNativeTarget;
			buildConfigurationList = 4C66DF6128505B4B0065E6BE /* Build configuration list for PBXNativeTarget "MyUesrsDemoUITests" */;
			buildPhases = (
				4C66DF4D28505B4B0065E6BE /* Sources */,
				4C66DF4E28505B4B0065E6BE /* Frameworks */,
				4C66DF4F28505B4B0065E6BE /* Resources */,
			);
			buildRules = (
			);
			dependencies = (
				4C66DF5328505B4B0065E6BE /* PBXTargetDependency */,
			);
			name = MyUesrsDemoUITests;
			productName = MyUesrsDemoUITests;
			productReference = 4C66DF5128505B4B0065E6BE /* MyUesrsDemoUITests.xctest */;
			productType = "com.apple.product-type.bundle.ui-testing";
		};
/* End PBXNativeTarget section */

/* Begin PBXProject section */
		4C66DF2928505B490065E6BE /* Project object */ = {
			isa = PBXProject;
			attributes = {
				BuildIndependentTargetsInParallel = 1;
				LastSwiftUpdateCheck = 1320;
				LastUpgradeCheck = 1320;
				TargetAttributes = {
					4C66DF3028505B490065E6BE = {
						CreatedOnToolsVersion = 13.2.1;
					};
					4C66DF4628505B4B0065E6BE = {
						CreatedOnToolsVersion = 13.2.1;
						TestTargetID = 4C66DF3028505B490065E6BE;
					};
					4C66DF5028505B4B0065E6BE = {
						CreatedOnToolsVersion = 13.2.1;
						TestTargetID = 4C66DF3028505B490065E6BE;
					};
				};
			};
			buildConfigurationList = 4C66DF2C28505B490065E6BE /* Build configuration list for PBXProject "MyUesrsDemo" */;
			compatibilityVersion = "Xcode 13.0";
			developmentRegion = en;
			hasScannedForEncodings = 0;
			knownRegions = (
				en,
				Base,
			);
			mainGroup = 4C66DF2828505B490065E6BE;
			productRefGroup = 4C66DF3228505B490065E6BE /* Products */;
			projectDirPath = "";
			projectRoot = "";
			targets = (
				4C66DF3028505B490065E6BE /* MyUesrsDemo */,
				4C66DF4628505B4B0065E6BE /* MyUesrsDemoTests */,
				4C66DF5028505B4B0065E6BE /* MyUesrsDemoUITests */,
			);
		};
/* End PBXProject section */

/* Begin PBXResourcesBuildPhase section */
		4C66DF2F28505B490065E6BE /* Resources */ = {
			isa = PBXResourcesBuildPhase;
			buildActionMask = 2147483647;
			files = (
				4C66DF4128505B4A0065E6BE /* LaunchScreen.storyboard in Resources */,
				4C66DF3E28505B4A0065E6BE /* Assets.xcassets in Resources */,
			);
			runOnlyForDeploymentPostprocessing = 0;
		};
		4C66DF4528505B4B0065E6BE /* Resources */ = {
			isa = PBXResourcesBuildPhase;
			buildActionMask = 2147483647;
			files = (
			);
			runOnlyForDeploymentPostprocessing = 0;
		};
		4C66DF4F28505B4B0065E6BE /* Resources */ = {
			isa = PBXResourcesBuildPhase;
			buildActionMask = 2147483647;
			files = (
			);
			runOnlyForDeploymentPostprocessing = 0;
		};
/* End PBXResourcesBuildPhase section */

/* Begin PBXSourcesBuildPhase section */
		4C66DF2D28505B490065E6BE /* Sources */ = {
			isa = PBXSourcesBuildPhase;
			buildActionMask = 2147483647;
			files = (
				4C66DF6728507E610065E6BE /* NetworkManager.swift in Sources */,
				4C66DF3928505B490065E6BE /* AllUsersViewController.swift in Sources */,
				4CC8ED4828508F5100E1DD6C /* AllUsersViewModel.swift in Sources */,
				4CC8ED4B2850A17000E1DD6C /* Extensions.swift in Sources */,
				4C66DF6E28508B8C0065E6BE /* UserTableViewCell.swift in Sources */,
				4C66DF6C28508AC20065E6BE /* AllUsersModel.swift in Sources */,
				4C66DF3528505B490065E6BE /* AppDelegate.swift in Sources */,
				4C66DF3728505B490065E6BE /* SceneDelegate.swift in Sources */,
			);
			runOnlyForDeploymentPostprocessing = 0;
		};
		4C66DF4328505B4B0065E6BE /* Sources */ = {
			isa = PBXSourcesBuildPhase;
			buildActionMask = 2147483647;
			files = (
				4C66DF4C28505B4B0065E6BE /* MyUesrsDemoTests.swift in Sources */,
				4CC8ED4D2850D73400E1DD6C /* AllUsersViewModelTests.swift in Sources */,
			);
			runOnlyForDeploymentPostprocessing = 0;
		};
		4C66DF4D28505B4B0065E6BE /* Sources */ = {
			isa = PBXSourcesBuildPhase;
			buildActionMask = 2147483647;
			files = (
				4C66DF5828505B4B0065E6BE /* MyUesrsDemoUITestsLaunchTests.swift in Sources */,
				4C66DF5628505B4B0065E6BE /* MyUesrsDemoUITests.swift in Sources */,
			);
			runOnlyForDeploymentPostprocessing = 0;
		};
/* End PBXSourcesBuildPhase section */

/* Begin PBXTargetDependency section */
		4C66DF4928505B4B0065E6BE /* PBXTargetDependency */ = {
			isa = PBXTargetDependency;
			target = 4C66DF3028505B490065E6BE /* MyUesrsDemo */;
			targetProxy = 4C66DF4828505B4B0065E6BE /* PBXContainerItemProxy */;
		};
		4C66DF5328505B4B0065E6BE /* PBXTargetDependency */ = {
			isa = PBXTargetDependency;
			target = 4C66DF3028505B490065E6BE /* MyUesrsDemo */;
			targetProxy = 4C66DF5228505B4B0065E6BE /* PBXContainerItemProxy */;
		};
/* End PBXTargetDependency section */

/* Begin PBXVariantGroup section */
		4C66DF3F28505B4A0065E6BE /* LaunchScreen.storyboard */ = {
			isa = PBXVariantGroup;
			children = (
				4C66DF4028505B4A0065E6BE /* Base */,
			);
			name = LaunchScreen.storyboard;
			sourceTree = "<group>";
		};
/* End PBXVariantGroup section */

/* Begin XCBuildConfiguration section */
		4C66DF5928505B4B0065E6BE /* Debug */ = {
			isa = XCBuildConfiguration;
			buildSettings = {
				ALWAYS_SEARCH_USER_PATHS = NO;
				CLANG_ANALYZER_NONNULL = YES;
				CLANG_ANALYZER_NUMBER_OBJECT_CONVERSION = YES_AGGRESSIVE;
				CLANG_CXX_LANGUAGE_STANDARD = "gnu++17";
				CLANG_CXX_LIBRARY = "libc++";
				CLANG_ENABLE_MODULES = YES;
				CLANG_ENABLE_OBJC_ARC = YES;
				CLANG_ENABLE_OBJC_WEAK = YES;
				CLANG_WARN_BLOCK_CAPTURE_AUTORELEASING = YES;
				CLANG_WARN_BOOL_CONVERSION = YES;
				CLANG_WARN_COMMA = YES;
				CLANG_WARN_CONSTANT_CONVERSION = YES;
				CLANG_WARN_DEPRECATED_OBJC_IMPLEMENTATIONS = YES;
				CLANG_WARN_DIRECT_OBJC_ISA_USAGE = YES_ERROR;
				CLANG_WARN_DOCUMENTATION_COMMENTS = YES;
				CLANG_WARN_EMPTY_BODY = YES;
				CLANG_WARN_ENUM_CONVERSION = YES;
				CLANG_WARN_INFINITE_RECURSION = YES;
				CLANG_WARN_INT_CONVERSION = YES;
				CLANG_WARN_NON_LITERAL_NULL_CONVERSION = YES;
				CLANG_WARN_OBJC_IMPLICIT_RETAIN_SELF = YES;
				CLANG_WARN_OBJC_LITERAL_CONVERSION = YES;
				CLANG_WARN_OBJC_ROOT_CLASS = YES_ERROR;
				CLANG_WARN_QUOTED_INCLUDE_IN_FRAMEWORK_HEADER = YES;
				CLANG_WARN_RANGE_LOOP_ANALYSIS = YES;
				CLANG_WARN_STRICT_PROTOTYPES = YES;
				CLANG_WARN_SUSPICIOUS_MOVE = YES;
				CLANG_WARN_UNGUARDED_AVAILABILITY = YES_AGGRESSIVE;
				CLANG_WARN_UNREACHABLE_CODE = YES;
				CLANG_WARN__DUPLICATE_METHOD_MATCH = YES;
				COPY_PHASE_STRIP = NO;
				DEBUG_INFORMATION_FORMAT = dwarf;
				ENABLE_STRICT_OBJC_MSGSEND = YES;
				ENABLE_TESTABILITY = YES;
				GCC_C_LANGUAGE_STANDARD = gnu11;
				GCC_DYNAMIC_NO_PIC = NO;
				GCC_NO_COMMON_BLOCKS = YES;
				GCC_OPTIMIZATION_LEVEL = 0;
				GCC_PREPROCESSOR_DEFINITIONS = (
					"DEBUG=1",
					"$(inherited)",
				);
				GCC_WARN_64_TO_32_BIT_CONVERSION = YES;
				GCC_WARN_ABOUT_RETURN_TYPE = YES_ERROR;
				GCC_WARN_UNDECLARED_SELECTOR = YES;
				GCC_WARN_UNINITIALIZED_AUTOS = YES_AGGRESSIVE;
				GCC_WARN_UNUSED_FUNCTION = YES;
				GCC_WARN_UNUSED_VARIABLE = YES;
				IPHONEOS_DEPLOYMENT_TARGET = 15.2;
				MTL_ENABLE_DEBUG_INFO = INCLUDE_SOURCE;
				MTL_FAST_MATH = YES;
				ONLY_ACTIVE_ARCH = YES;
				SDKROOT = iphoneos;
				SWIFT_ACTIVE_COMPILATION_CONDITIONS = DEBUG;
				SWIFT_OPTIMIZATION_LEVEL = "-Onone";
			};
			name = Debug;
		};
		4C66DF5A28505B4B0065E6BE /* Release */ = {
			isa = XCBuildConfiguration;
			buildSettings = {
				ALWAYS_SEARCH_USER_PATHS = NO;
				CLANG_ANALYZER_NONNULL = YES;
				CLANG_ANALYZER_NUMBER_OBJECT_CONVERSION = YES_AGGRESSIVE;
				CLANG_CXX_LANGUAGE_STANDARD = "gnu++17";
				CLANG_CXX_LIBRARY = "libc++";
				CLANG_ENABLE_MODULES = YES;
				CLANG_ENABLE_OBJC_ARC = YES;
				CLANG_ENABLE_OBJC_WEAK = YES;
				CLANG_WARN_BLOCK_CAPTURE_AUTORELEASING = YES;
				CLANG_WARN_BOOL_CONVERSION = YES;
				CLANG_WARN_COMMA = YES;
				CLANG_WARN_CONSTANT_CONVERSION = YES;
				CLANG_WARN_DEPRECATED_OBJC_IMPLEMENTATIONS = YES;
				CLANG_WARN_DIRECT_OBJC_ISA_USAGE = YES_ERROR;
				CLANG_WARN_DOCUMENTATION_COMMENTS = YES;
				CLANG_WARN_EMPTY_BODY = YES;
				CLANG_WARN_ENUM_CONVERSION = YES;
				CLANG_WARN_INFINITE_RECURSION = YES;
				CLANG_WARN_INT_CONVERSION = YES;
				CLANG_WARN_NON_LITERAL_NULL_CONVERSION = YES;
				CLANG_WARN_OBJC_IMPLICIT_RETAIN_SELF = YES;
				CLANG_WARN_OBJC_LITERAL_CONVERSION = YES;
				CLANG_WARN_OBJC_ROOT_CLASS = YES_ERROR;
				CLANG_WARN_QUOTED_INCLUDE_IN_FRAMEWORK_HEADER = YES;
				CLANG_WARN_RANGE_LOOP_ANALYSIS = YES;
				CLANG_WARN_STRICT_PROTOTYPES = YES;
				CLANG_WARN_SUSPICIOUS_MOVE = YES;
				CLANG_WARN_UNGUARDED_AVAILABILITY = YES_AGGRESSIVE;
				CLANG_WARN_UNREACHABLE_CODE = YES;
				CLANG_WARN__DUPLICATE_METHOD_MATCH = YES;
				COPY_PHASE_STRIP = NO;
				DEBUG_INFORMATION_FORMAT = "dwarf-with-dsym";
				ENABLE_NS_ASSERTIONS = NO;
				ENABLE_STRICT_OBJC_MSGSEND = YES;
				GCC_C_LANGUAGE_STANDARD = gnu11;
				GCC_NO_COMMON_BLOCKS = YES;
				GCC_WARN_64_TO_32_BIT_CONVERSION = YES;
				GCC_WARN_ABOUT_RETURN_TYPE = YES_ERROR;
				GCC_WARN_UNDECLARED_SELECTOR = YES;
				GCC_WARN_UNINITIALIZED_AUTOS = YES_AGGRESSIVE;
				GCC_WARN_UNUSED_FUNCTION = YES;
				GCC_WARN_UNUSED_VARIABLE = YES;
				IPHONEOS_DEPLOYMENT_TARGET = 15.2;
				MTL_ENABLE_DEBUG_INFO = NO;
				MTL_FAST_MATH = YES;
				SDKROOT = iphoneos;
				SWIFT_COMPILATION_MODE = wholemodule;
				SWIFT_OPTIMIZATION_LEVEL = "-O";
				VALIDATE_PRODUCT = YES;
			};
			name = Release;
		};
		4C66DF5C28505B4B0065E6BE /* Debug */ = {
			isa = XCBuildConfiguration;
			buildSettings = {
				ASSETCATALOG_COMPILER_APPICON_NAME = AppIcon;
				ASSETCATALOG_COMPILER_GLOBAL_ACCENT_COLOR_NAME = AccentColor;
				CODE_SIGN_STYLE = Automatic;
				CURRENT_PROJECT_VERSION = 1;
				DEVELOPMENT_TEAM = B867676ZW9;
				GENERATE_INFOPLIST_FILE = YES;
				INFOPLIST_FILE = MyUesrsDemo/Info.plist;
				INFOPLIST_KEY_UIApplicationSupportsIndirectInputEvents = YES;
				INFOPLIST_KEY_UILaunchStoryboardName = LaunchScreen;
				INFOPLIST_KEY_UISupportedInterfaceOrientations_iPad = "UIInterfaceOrientationPortrait UIInterfaceOrientationPortraitUpsideDown UIInterfaceOrientationLandscapeLeft UIInterfaceOrientationLandscapeRight";
				INFOPLIST_KEY_UISupportedInterfaceOrientations_iPhone = "UIInterfaceOrientationPortrait UIInterfaceOrientationLandscapeLeft UIInterfaceOrientationLandscapeRight";
				LD_RUNPATH_SEARCH_PATHS = (
					"$(inherited)",
					"@executable_path/Frameworks",
				);
				MARKETING_VERSION = 1.0;
				PRODUCT_BUNDLE_IDENTIFIER = tech.apple.MyUesrsDemo;
				PRODUCT_NAME = "$(TARGET_NAME)";
				SWIFT_EMIT_LOC_STRINGS = YES;
				SWIFT_VERSION = 5.0;
				TARGETED_DEVICE_FAMILY = "1,2";
			};
			name = Debug;
		};
		4C66DF5D28505B4B0065E6BE /* Release */ = {
			isa = XCBuildConfiguration;
			buildSettings = {
				ASSETCATALOG_COMPILER_APPICON_NAME = AppIcon;
				ASSETCATALOG_COMPILER_GLOBAL_ACCENT_COLOR_NAME = AccentColor;
				CODE_SIGN_STYLE = Automatic;
				CURRENT_PROJECT_VERSION = 1;
				DEVELOPMENT_TEAM = B867676ZW9;
				GENERATE_INFOPLIST_FILE = YES;
				INFOPLIST_FILE = MyUesrsDemo/Info.plist;
				INFOPLIST_KEY_UIApplicationSupportsIndirectInputEvents = YES;
				INFOPLIST_KEY_UILaunchStoryboardName = LaunchScreen;
				INFOPLIST_KEY_UISupportedInterfaceOrientations_iPad = "UIInterfaceOrientationPortrait UIInterfaceOrientationPortraitUpsideDown UIInterfaceOrientationLandscapeLeft UIInterfaceOrientationLandscapeRight";
				INFOPLIST_KEY_UISupportedInterfaceOrientations_iPhone = "UIInterfaceOrientationPortrait UIInterfaceOrientationLandscapeLeft UIInterfaceOrientationLandscapeRight";
				LD_RUNPATH_SEARCH_PATHS = (
					"$(inherited)",
					"@executable_path/Frameworks",
				);
				MARKETING_VERSION = 1.0;
				PRODUCT_BUNDLE_IDENTIFIER = tech.apple.MyUesrsDemo;
				PRODUCT_NAME = "$(TARGET_NAME)";
				SWIFT_EMIT_LOC_STRINGS = YES;
				SWIFT_VERSION = 5.0;
				TARGETED_DEVICE_FAMILY = "1,2";
			};
			name = Release;
		};
		4C66DF5F28505B4B0065E6BE /* Debug */ = {
			isa = XCBuildConfiguration;
			buildSettings = {
				ALWAYS_EMBED_SWIFT_STANDARD_LIBRARIES = YES;
				BUNDLE_LOADER = "$(TEST_HOST)";
				CODE_SIGN_STYLE = Automatic;
				CURRENT_PROJECT_VERSION = 1;
				DEVELOPMENT_TEAM = B867676ZW9;
				GENERATE_INFOPLIST_FILE = YES;
				IPHONEOS_DEPLOYMENT_TARGET = 15.2;
				MARKETING_VERSION = 1.0;
				PRODUCT_BUNDLE_IDENTIFIER = tech.apple.MyUesrsDemoTests;
				PRODUCT_NAME = "$(TARGET_NAME)";
				SWIFT_EMIT_LOC_STRINGS = NO;
				SWIFT_VERSION = 5.0;
				TARGETED_DEVICE_FAMILY = "1,2";
				TEST_HOST = "$(BUILT_PRODUCTS_DIR)/MyUesrsDemo.app/MyUesrsDemo";
			};
			name = Debug;
		};
		4C66DF6028505B4B0065E6BE /* Release */ = {
			isa = XCBuildConfiguration;
			buildSettings = {
				ALWAYS_EMBED_SWIFT_STANDARD_LIBRARIES = YES;
				BUNDLE_LOADER = "$(TEST_HOST)";
				CODE_SIGN_STYLE = Automatic;
				CURRENT_PROJECT_VERSION = 1;
				DEVELOPMENT_TEAM = B867676ZW9;
				GENERATE_INFOPLIST_FILE = YES;
				IPHONEOS_DEPLOYMENT_TARGET = 15.2;
				MARKETING_VERSION = 1.0;
				PRODUCT_BUNDLE_IDENTIFIER = tech.apple.MyUesrsDemoTests;
				PRODUCT_NAME = "$(TARGET_NAME)";
				SWIFT_EMIT_LOC_STRINGS = NO;
				SWIFT_VERSION = 5.0;
				TARGETED_DEVICE_FAMILY = "1,2";
				TEST_HOST = "$(BUILT_PRODUCTS_DIR)/MyUesrsDemo.app/MyUesrsDemo";
			};
			name = Release;
		};
		4C66DF6228505B4B0065E6BE /* Debug */ = {
			isa = XCBuildConfiguration;
			buildSettings = {
				ALWAYS_EMBED_SWIFT_STANDARD_LIBRARIES = YES;
				CODE_SIGN_STYLE = Automatic;
				CURRENT_PROJECT_VERSION = 1;
				DEVELOPMENT_TEAM = B867676ZW9;
				GENERATE_INFOPLIST_FILE = YES;
				MARKETING_VERSION = 1.0;
				PRODUCT_BUNDLE_IDENTIFIER = tech.apple.MyUesrsDemoUITests;
				PRODUCT_NAME = "$(TARGET_NAME)";
				SWIFT_EMIT_LOC_STRINGS = NO;
				SWIFT_VERSION = 5.0;
				TARGETED_DEVICE_FAMILY = "1,2";
				TEST_TARGET_NAME = MyUesrsDemo;
			};
			name = Debug;
		};
		4C66DF6328505B4B0065E6BE /* Release */ = {
			isa = XCBuildConfiguration;
			buildSettings = {
				ALWAYS_EMBED_SWIFT_STANDARD_LIBRARIES = YES;
				CODE_SIGN_STYLE = Automatic;
				CURRENT_PROJECT_VERSION = 1;
				DEVELOPMENT_TEAM = B867676ZW9;
				GENERATE_INFOPLIST_FILE = YES;
				MARKETING_VERSION = 1.0;
				PRODUCT_BUNDLE_IDENTIFIER = tech.apple.MyUesrsDemoUITests;
				PRODUCT_NAME = "$(TARGET_NAME)";
				SWIFT_EMIT_LOC_STRINGS = NO;
				SWIFT_VERSION = 5.0;
				TARGETED_DEVICE_FAMILY = "1,2";
				TEST_TARGET_NAME = MyUesrsDemo;
			};
			name = Release;
		};
/* End XCBuildConfiguration section */

/* Begin XCConfigurationList section */
		4C66DF2C28505B490065E6BE /* Build configuration list for PBXProject "MyUesrsDemo" */ = {
			isa = XCConfigurationList;
			buildConfigurations = (
				4C66DF5928505B4B0065E6BE /* Debug */,
				4C66DF5A28505B4B0065E6BE /* Release */,
			);
			defaultConfigurationIsVisible = 0;
			defaultConfigurationName = Release;
		};
		4C66DF5B28505B4B0065E6BE /* Build configuration list for PBXNativeTarget "MyUesrsDemo" */ = {
			isa = XCConfigurationList;
			buildConfigurations = (
				4C66DF5C28505B4B0065E6BE /* Debug */,
				4C66DF5D28505B4B0065E6BE /* Release */,
			);
			defaultConfigurationIsVisible = 0;
			defaultConfigurationName = Release;
		};
		4C66DF5E28505B4B0065E6BE /* Build configuration list for PBXNativeTarget "MyUesrsDemoTests" */ = {
			isa = XCConfigurationList;
			buildConfigurations = (
				4C66DF5F28505B4B0065E6BE /* Debug */,
				4C66DF6028505B4B0065E6BE /* Release */,
			);
			defaultConfigurationIsVisible = 0;
			defaultConfigurationName = Release;
		};
		4C66DF6128505B4B0065E6BE /* Build configuration list for PBXNativeTarget "MyUesrsDemoUITests" */ = {
			isa = XCConfigurationList;
			buildConfigurations = (
				4C66DF6228505B4B0065E6BE /* Debug */,
				4C66DF6328505B4B0065E6BE /* Release */,
			);
			defaultConfigurationIsVisible = 0;
			defaultConfigurationName = Release;
		};
/* End XCConfigurationList section */
	};
	rootObject = 4C66DF2928505B490065E6BE /* Project object */;
}
